// !$*UTF8*$!
{
	archiveVersion = 1;
	classes = {
	};
	objectVersion = 56;
	objects = {

/* Begin PBXBuildFile section */
		2A99945303CC54BE443D495E /* Pods_Pokedex.framework in Frameworks */ = {isa = PBXBuildFile; fileRef = 45C083ADEFB18AC2766EF524 /* Pods_Pokedex.framework */; };
		C73BED542BFE4DE2000CFA4E /* PokemonGridCollectionViewCell.xib in Resources */ = {isa = PBXBuildFile; fileRef = C73BED522BFE4DE2000CFA4E /* PokemonGridCollectionViewCell.xib */; };
		C73BED562BFE5C32000CFA4E /* PokemonCollectionViewCell.swift in Sources */ = {isa = PBXBuildFile; fileRef = C73BED552BFE5C32000CFA4E /* PokemonCollectionViewCell.swift */; };
		C73BED592BFF7F5D000CFA4E /* PokemonModel.swift in Sources */ = {isa = PBXBuildFile; fileRef = C73BED582BFF7F5D000CFA4E /* PokemonModel.swift */; };
		C7807B722C02173A00DE2FEF /* DetailViewController.swift in Sources */ = {isa = PBXBuildFile; fileRef = C7807B712C02173A00DE2FEF /* DetailViewController.swift */; };
		C7807B762C021C3B00DE2FEF /* DetailInfoView.xib in Resources */ = {isa = PBXBuildFile; fileRef = C7807B752C021C3B00DE2FEF /* DetailInfoView.xib */; };
		C7807B782C021E4100DE2FEF /* DetailInfoView.swift in Sources */ = {isa = PBXBuildFile; fileRef = C7807B772C021E4100DE2FEF /* DetailInfoView.swift */; };
		C7807B7A2C02223E00DE2FEF /* DetailViewModel.swift in Sources */ = {isa = PBXBuildFile; fileRef = C7807B792C02223E00DE2FEF /* DetailViewModel.swift */; };
		C78807222BFDC26E00B028FD /* AppDelegate.swift in Sources */ = {isa = PBXBuildFile; fileRef = C78807212BFDC26E00B028FD /* AppDelegate.swift */; };
		C78807242BFDC26E00B028FD /* SceneDelegate.swift in Sources */ = {isa = PBXBuildFile; fileRef = C78807232BFDC26E00B028FD /* SceneDelegate.swift */; };
		C78807262BFDC26E00B028FD /* ViewController.swift in Sources */ = {isa = PBXBuildFile; fileRef = C78807252BFDC26E00B028FD /* ViewController.swift */; };
		C78807292BFDC26E00B028FD /* Base in Resources */ = {isa = PBXBuildFile; fileRef = C78807282BFDC26E00B028FD /* Base */; };
		C788072B2BFDC27000B028FD /* Assets.xcassets in Resources */ = {isa = PBXBuildFile; fileRef = C788072A2BFDC27000B028FD /* Assets.xcassets */; };
		C788072E2BFDC27000B028FD /* Base in Resources */ = {isa = PBXBuildFile; fileRef = C788072D2BFDC27000B028FD /* Base */; };
		C78807362BFDC8D000B028FD /* HomePageViewController.swift in Sources */ = {isa = PBXBuildFile; fileRef = C78807352BFDC8D000B028FD /* HomePageViewController.swift */; };
		C78807382BFDC8DA00B028FD /* HomePageViewModel.swift in Sources */ = {isa = PBXBuildFile; fileRef = C78807372BFDC8DA00B028FD /* HomePageViewModel.swift */; };
		C78807462BFE4DB900B028FD /* PokemonListCollectionViewCell.xib in Resources */ = {isa = PBXBuildFile; fileRef = C78807442BFE4DB900B028FD /* PokemonListCollectionViewCell.xib */; };
/* End PBXBuildFile section */

/* Begin PBXFileReference section */
		43513E6FC7BE5407CFB1B278 /* Pods-Pokedex.release.xcconfig */ = {isa = PBXFileReference; includeInIndex = 1; lastKnownFileType = text.xcconfig; name = "Pods-Pokedex.release.xcconfig"; path = "Target Support Files/Pods-Pokedex/Pods-Pokedex.release.xcconfig"; sourceTree = "<group>"; };
		45C083ADEFB18AC2766EF524 /* Pods_Pokedex.framework */ = {isa = PBXFileReference; explicitFileType = wrapper.framework; includeInIndex = 0; path = Pods_Pokedex.framework; sourceTree = BUILT_PRODUCTS_DIR; };
		60AF1ABC83AFFD5F752D3B92 /* Pods-Pokedex.debug.xcconfig */ = {isa = PBXFileReference; includeInIndex = 1; lastKnownFileType = text.xcconfig; name = "Pods-Pokedex.debug.xcconfig"; path = "Target Support Files/Pods-Pokedex/Pods-Pokedex.debug.xcconfig"; sourceTree = "<group>"; };
		C73BED522BFE4DE2000CFA4E /* PokemonGridCollectionViewCell.xib */ = {isa = PBXFileReference; lastKnownFileType = file.xib; path = PokemonGridCollectionViewCell.xib; sourceTree = "<group>"; };
		C73BED552BFE5C32000CFA4E /* PokemonCollectionViewCell.swift */ = {isa = PBXFileReference; lastKnownFileType = sourcecode.swift; path = PokemonCollectionViewCell.swift; sourceTree = "<group>"; };
		C73BED582BFF7F5D000CFA4E /* PokemonModel.swift */ = {isa = PBXFileReference; lastKnownFileType = sourcecode.swift; path = PokemonModel.swift; sourceTree = "<group>"; };
		C7807B712C02173A00DE2FEF /* DetailViewController.swift */ = {isa = PBXFileReference; lastKnownFileType = sourcecode.swift; path = DetailViewController.swift; sourceTree = "<group>"; };
		C7807B752C021C3B00DE2FEF /* DetailInfoView.xib */ = {isa = PBXFileReference; lastKnownFileType = file.xib; path = DetailInfoView.xib; sourceTree = "<group>"; };
		C7807B772C021E4100DE2FEF /* DetailInfoView.swift */ = {isa = PBXFileReference; lastKnownFileType = sourcecode.swift; path = DetailInfoView.swift; sourceTree = "<group>"; };
		C7807B792C02223E00DE2FEF /* DetailViewModel.swift */ = {isa = PBXFileReference; lastKnownFileType = sourcecode.swift; path = DetailViewModel.swift; sourceTree = "<group>"; };
		C788071E2BFDC26E00B028FD /* Pokedex.app */ = {isa = PBXFileReference; explicitFileType = wrapper.application; includeInIndex = 0; path = Pokedex.app; sourceTree = BUILT_PRODUCTS_DIR; };
		C78807212BFDC26E00B028FD /* AppDelegate.swift */ = {isa = PBXFileReference; lastKnownFileType = sourcecode.swift; path = AppDelegate.swift; sourceTree = "<group>"; };
		C78807232BFDC26E00B028FD /* SceneDelegate.swift */ = {isa = PBXFileReference; lastKnownFileType = sourcecode.swift; path = SceneDelegate.swift; sourceTree = "<group>"; };
		C78807252BFDC26E00B028FD /* ViewController.swift */ = {isa = PBXFileReference; lastKnownFileType = sourcecode.swift; path = ViewController.swift; sourceTree = "<group>"; };
		C78807282BFDC26E00B028FD /* Base */ = {isa = PBXFileReference; lastKnownFileType = file.storyboard; name = Base; path = Base.lproj/Main.storyboard; sourceTree = "<group>"; };
		C788072A2BFDC27000B028FD /* Assets.xcassets */ = {isa = PBXFileReference; lastKnownFileType = folder.assetcatalog; path = Assets.xcassets; sourceTree = "<group>"; };
		C788072D2BFDC27000B028FD /* Base */ = {isa = PBXFileReference; lastKnownFileType = file.storyboard; name = Base; path = Base.lproj/LaunchScreen.storyboard; sourceTree = "<group>"; };
		C788072F2BFDC27000B028FD /* Info.plist */ = {isa = PBXFileReference; lastKnownFileType = text.plist.xml; path = Info.plist; sourceTree = "<group>"; };
		C78807352BFDC8D000B028FD /* HomePageViewController.swift */ = {isa = PBXFileReference; lastKnownFileType = sourcecode.swift; path = HomePageViewController.swift; sourceTree = "<group>"; };
		C78807372BFDC8DA00B028FD /* HomePageViewModel.swift */ = {isa = PBXFileReference; lastKnownFileType = sourcecode.swift; path = HomePageViewModel.swift; sourceTree = "<group>"; };
		C78807442BFE4DB900B028FD /* PokemonListCollectionViewCell.xib */ = {isa = PBXFileReference; lastKnownFileType = file.xib; path = PokemonListCollectionViewCell.xib; sourceTree = "<group>"; };
/* End PBXFileReference section */

/* Begin PBXFrameworksBuildPhase section */
		C788071B2BFDC26E00B028FD /* Frameworks */ = {
			isa = PBXFrameworksBuildPhase;
			buildActionMask = 2147483647;
			files = (
				2A99945303CC54BE443D495E /* Pods_Pokedex.framework in Frameworks */,
			);
			runOnlyForDeploymentPostprocessing = 0;
		};
/* End PBXFrameworksBuildPhase section */

/* Begin PBXGroup section */
		BBBE74B58CDF8A7D180C561E /* Frameworks */ = {
			isa = PBXGroup;
			children = (
				45C083ADEFB18AC2766EF524 /* Pods_Pokedex.framework */,
			);
			name = Frameworks;
			sourceTree = "<group>";
		};
		C73BED572BFF7F50000CFA4E /* Model */ = {
			isa = PBXGroup;
			children = (
				C73BED582BFF7F5D000CFA4E /* PokemonModel.swift */,
			);
			path = Model;
			sourceTree = "<group>";
		};
		C7807B732C021BA400DE2FEF /* HomePage */ = {
			isa = PBXGroup;
			children = (
				C78807352BFDC8D000B028FD /* HomePageViewController.swift */,
				C78807372BFDC8DA00B028FD /* HomePageViewModel.swift */,
				C788073B2BFDCA0900B028FD /* View */,
			);
			path = HomePage;
			sourceTree = "<group>";
		};
		C7807B742C021BF600DE2FEF /* View */ = {
			isa = PBXGroup;
			children = (
				C7807B772C021E4100DE2FEF /* DetailInfoView.swift */,
				C7807B752C021C3B00DE2FEF /* DetailInfoView.xib */,
			);
			path = View;
			sourceTree = "<group>";
		};
		C78807152BFDC26E00B028FD = {
			isa = PBXGroup;
			children = (
				C78807202BFDC26E00B028FD /* Pokedex */,
				C788071F2BFDC26E00B028FD /* Products */,
				E72E5D7187FA9432B178FBF6 /* Pods */,
				BBBE74B58CDF8A7D180C561E /* Frameworks */,
			);
			sourceTree = "<group>";
		};
		C788071F2BFDC26E00B028FD /* Products */ = {
			isa = PBXGroup;
			children = (
				C788071E2BFDC26E00B028FD /* Pokedex.app */,
			);
			name = Products;
			sourceTree = "<group>";
		};
		C78807202BFDC26E00B028FD /* Pokedex */ = {
			isa = PBXGroup;
			children = (
				C7807B732C021BA400DE2FEF /* HomePage */,
				C78807392BFDC8F600B028FD /* DetailPage */,
				C73BED572BFF7F50000CFA4E /* Model */,
				C78807212BFDC26E00B028FD /* AppDelegate.swift */,
				C78807232BFDC26E00B028FD /* SceneDelegate.swift */,
				C78807252BFDC26E00B028FD /* ViewController.swift */,
				C78807272BFDC26E00B028FD /* Main.storyboard */,
				C788072A2BFDC27000B028FD /* Assets.xcassets */,
				C788072C2BFDC27000B028FD /* LaunchScreen.storyboard */,
				C788072F2BFDC27000B028FD /* Info.plist */,
			);
			path = Pokedex;
			sourceTree = "<group>";
		};
		C78807392BFDC8F600B028FD /* DetailPage */ = {
			isa = PBXGroup;
			children = (
				C7807B712C02173A00DE2FEF /* DetailViewController.swift */,
				C7807B742C021BF600DE2FEF /* View */,
				C7807B792C02223E00DE2FEF /* DetailViewModel.swift */,
			);
			path = DetailPage;
			sourceTree = "<group>";
		};
		C788073B2BFDCA0900B028FD /* View */ = {
			isa = PBXGroup;
			children = (
				C788073C2BFDCA0F00B028FD /* Cell */,
			);
			path = View;
			sourceTree = "<group>";
		};
		C788073C2BFDCA0F00B028FD /* Cell */ = {
			isa = PBXGroup;
			children = (
				C73BED552BFE5C32000CFA4E /* PokemonCollectionViewCell.swift */,
				C73BED522BFE4DE2000CFA4E /* PokemonGridCollectionViewCell.xib */,
				C78807442BFE4DB900B028FD /* PokemonListCollectionViewCell.xib */,
			);
			path = Cell;
			sourceTree = "<group>";
		};
		E72E5D7187FA9432B178FBF6 /* Pods */ = {
			isa = PBXGroup;
			children = (
				60AF1ABC83AFFD5F752D3B92 /* Pods-Pokedex.debug.xcconfig */,
				43513E6FC7BE5407CFB1B278 /* Pods-Pokedex.release.xcconfig */,
			);
			path = Pods;
			sourceTree = "<group>";
		};
/* End PBXGroup section */

/* Begin PBXNativeTarget section */
		C788071D2BFDC26E00B028FD /* Pokedex */ = {
			isa = PBXNativeTarget;
			buildConfigurationList = C78807322BFDC27000B028FD /* Build configuration list for PBXNativeTarget "Pokedex" */;
			buildPhases = (
				9B5FB6EF3D31C2623ED39408 /* [CP] Check Pods Manifest.lock */,
				C788071A2BFDC26E00B028FD /* Sources */,
				C788071B2BFDC26E00B028FD /* Frameworks */,
				C788071C2BFDC26E00B028FD /* Resources */,
				EF120F939B499F3D1D2F750B /* [CP] Embed Pods Frameworks */,
			);
			buildRules = (
			);
			dependencies = (
			);
			name = Pokedex;
			productName = Pokedex;
			productReference = C788071E2BFDC26E00B028FD /* Pokedex.app */;
			productType = "com.apple.product-type.application";
		};
/* End PBXNativeTarget section */

/* Begin PBXProject section */
		C78807162BFDC26E00B028FD /* Project object */ = {
			isa = PBXProject;
			attributes = {
				BuildIndependentTargetsInParallel = 1;
				LastSwiftUpdateCheck = 1530;
				LastUpgradeCheck = 1530;
				TargetAttributes = {
					C788071D2BFDC26E00B028FD = {
						CreatedOnToolsVersion = 15.3;
					};
				};
			};
			buildConfigurationList = C78807192BFDC26E00B028FD /* Build configuration list for PBXProject "Pokedex" */;
			compatibilityVersion = "Xcode 14.0";
			developmentRegion = en;
			hasScannedForEncodings = 0;
			knownRegions = (
				en,
				Base,
			);
			mainGroup = C78807152BFDC26E00B028FD;
			productRefGroup = C788071F2BFDC26E00B028FD /* Products */;
			projectDirPath = "";
			projectRoot = "";
			targets = (
				C788071D2BFDC26E00B028FD /* Pokedex */,
			);
		};
/* End PBXProject section */

/* Begin PBXResourcesBuildPhase section */
		C788071C2BFDC26E00B028FD /* Resources */ = {
			isa = PBXResourcesBuildPhase;
			buildActionMask = 2147483647;
			files = (
				C788072B2BFDC27000B028FD /* Assets.xcassets in Resources */,
				C7807B762C021C3B00DE2FEF /* DetailInfoView.xib in Resources */,
				C788072E2BFDC27000B028FD /* Base in Resources */,
				C73BED542BFE4DE2000CFA4E /* PokemonGridCollectionViewCell.xib in Resources */,
				C78807462BFE4DB900B028FD /* PokemonListCollectionViewCell.xib in Resources */,
				C78807292BFDC26E00B028FD /* Base in Resources */,
			);
			runOnlyForDeploymentPostprocessing = 0;
		};
/* End PBXResourcesBuildPhase section */

/* Begin PBXShellScriptBuildPhase section */
		9B5FB6EF3D31C2623ED39408 /* [CP] Check Pods Manifest.lock */ = {
			isa = PBXShellScriptBuildPhase;
			buildActionMask = 2147483647;
			files = (
			);
			inputFileListPaths = (
			);
			inputPaths = (
				"${PODS_PODFILE_DIR_PATH}/Podfile.lock",
				"${PODS_ROOT}/Manifest.lock",
			);
			name = "[CP] Check Pods Manifest.lock";
			outputFileListPaths = (
			);
			outputPaths = (
				"$(DERIVED_FILE_DIR)/Pods-Pokedex-checkManifestLockResult.txt",
			);
			runOnlyForDeploymentPostprocessing = 0;
			shellPath = /bin/sh;
			shellScript = "diff \"${PODS_PODFILE_DIR_PATH}/Podfile.lock\" \"${PODS_ROOT}/Manifest.lock\" > /dev/null\nif [ $? != 0 ] ; then\n    # print error to STDERR\n    echo \"error: The sandbox is not in sync with the Podfile.lock. Run 'pod install' or update your CocoaPods installation.\" >&2\n    exit 1\nfi\n# This output is used by Xcode 'outputs' to avoid re-running this script phase.\necho \"SUCCESS\" > \"${SCRIPT_OUTPUT_FILE_0}\"\n";
			showEnvVarsInLog = 0;
		};
		EF120F939B499F3D1D2F750B /* [CP] Embed Pods Frameworks */ = {
			isa = PBXShellScriptBuildPhase;
			buildActionMask = 2147483647;
			files = (
			);
			inputFileListPaths = (
				"${PODS_ROOT}/Target Support Files/Pods-Pokedex/Pods-Pokedex-frameworks-${CONFIGURATION}-input-files.xcfilelist",
			);
			name = "[CP] Embed Pods Frameworks";
			outputFileListPaths = (
				"${PODS_ROOT}/Target Support Files/Pods-Pokedex/Pods-Pokedex-frameworks-${CONFIGURATION}-output-files.xcfilelist",
			);
			runOnlyForDeploymentPostprocessing = 0;
			shellPath = /bin/sh;
			shellScript = "\"${PODS_ROOT}/Target Support Files/Pods-Pokedex/Pods-Pokedex-frameworks.sh\"\n";
			showEnvVarsInLog = 0;
		};
/* End PBXShellScriptBuildPhase section */

/* Begin PBXSourcesBuildPhase section */
		C788071A2BFDC26E00B028FD /* Sources */ = {
			isa = PBXSourcesBuildPhase;
			buildActionMask = 2147483647;
			files = (
				C78807362BFDC8D000B028FD /* HomePageViewController.swift in Sources */,
				C78807262BFDC26E00B028FD /* ViewController.swift in Sources */,
				C73BED562BFE5C32000CFA4E /* PokemonCollectionViewCell.swift in Sources */,
				C7807B7A2C02223E00DE2FEF /* DetailViewModel.swift in Sources */,
				C78807222BFDC26E00B028FD /* AppDelegate.swift in Sources */,
				C73BED592BFF7F5D000CFA4E /* PokemonModel.swift in Sources */,
				C7807B782C021E4100DE2FEF /* DetailInfoView.swift in Sources */,
				C78807242BFDC26E00B028FD /* SceneDelegate.swift in Sources */,
				C78807382BFDC8DA00B028FD /* HomePageViewModel.swift in Sources */,
				C7807B722C02173A00DE2FEF /* DetailViewController.swift in Sources */,
			);
			runOnlyForDeploymentPostprocessing = 0;
		};
/* End PBXSourcesBuildPhase section */

/* Begin PBXVariantGroup section */
		C78807272BFDC26E00B028FD /* Main.storyboard */ = {
			isa = PBXVariantGroup;
			children = (
				C78807282BFDC26E00B028FD /* Base */,
			);
			name = Main.storyboard;
			sourceTree = "<group>";
		};
		C788072C2BFDC27000B028FD /* LaunchScreen.storyboard */ = {
			isa = PBXVariantGroup;
			children = (
				C788072D2BFDC27000B028FD /* Base */,
			);
			name = LaunchScreen.storyboard;
			sourceTree = "<group>";
		};
/* End PBXVariantGroup section */

/* Begin XCBuildConfiguration section */
		C78807302BFDC27000B028FD /* Debug */ = {
			isa = XCBuildConfiguration;
			buildSettings = {
				ALWAYS_SEARCH_USER_PATHS = NO;
				ASSETCATALOG_COMPILER_GENERATE_SWIFT_ASSET_SYMBOL_EXTENSIONS = YES;
				CLANG_ANALYZER_NONNULL = YES;
				CLANG_ANALYZER_NUMBER_OBJECT_CONVERSION = YES_AGGRESSIVE;
				CLANG_CXX_LANGUAGE_STANDARD = "gnu++20";
				CLANG_ENABLE_MODULES = YES;
				CLANG_ENABLE_OBJC_ARC = YES;
				CLANG_ENABLE_OBJC_WEAK = YES;
				CLANG_WARN_BLOCK_CAPTURE_AUTORELEASING = YES;
				CLANG_WARN_BOOL_CONVERSION = YES;
				CLANG_WARN_COMMA = YES;
				CLANG_WARN_CONSTANT_CONVERSION = YES;
				CLANG_WARN_DEPRECATED_OBJC_IMPLEMENTATIONS = YES;
				CLANG_WARN_DIRECT_OBJC_ISA_USAGE = YES_ERROR;
				CLANG_WARN_DOCUMENTATION_COMMENTS = YES;
				CLANG_WARN_EMPTY_BODY = YES;
				CLANG_WARN_ENUM_CONVERSION = YES;
				CLANG_WARN_INFINITE_RECURSION = YES;
				CLANG_WARN_INT_CONVERSION = YES;
				CLANG_WARN_NON_LITERAL_NULL_CONVERSION = YES;
				CLANG_WARN_OBJC_IMPLICIT_RETAIN_SELF = YES;
				CLANG_WARN_OBJC_LITERAL_CONVERSION = YES;
				CLANG_WARN_OBJC_ROOT_CLASS = YES_ERROR;
				CLANG_WARN_QUOTED_INCLUDE_IN_FRAMEWORK_HEADER = YES;
				CLANG_WARN_RANGE_LOOP_ANALYSIS = YES;
				CLANG_WARN_STRICT_PROTOTYPES = YES;
				CLANG_WARN_SUSPICIOUS_MOVE = YES;
				CLANG_WARN_UNGUARDED_AVAILABILITY = YES_AGGRESSIVE;
				CLANG_WARN_UNREACHABLE_CODE = YES;
				CLANG_WARN__DUPLICATE_METHOD_MATCH = YES;
				COPY_PHASE_STRIP = NO;
				DEBUG_INFORMATION_FORMAT = dwarf;
				ENABLE_STRICT_OBJC_MSGSEND = YES;
				ENABLE_TESTABILITY = YES;
				ENABLE_USER_SCRIPT_SANDBOXING = YES;
				GCC_C_LANGUAGE_STANDARD = gnu17;
				GCC_DYNAMIC_NO_PIC = NO;
				GCC_NO_COMMON_BLOCKS = YES;
				GCC_OPTIMIZATION_LEVEL = 0;
				GCC_PREPROCESSOR_DEFINITIONS = (
					"DEBUG=1",
					"$(inherited)",
				);
				GCC_WARN_64_TO_32_BIT_CONVERSION = YES;
				GCC_WARN_ABOUT_RETURN_TYPE = YES_ERROR;
				GCC_WARN_UNDECLARED_SELECTOR = YES;
				GCC_WARN_UNINITIALIZED_AUTOS = YES_AGGRESSIVE;
				GCC_WARN_UNUSED_FUNCTION = YES;
				GCC_WARN_UNUSED_VARIABLE = YES;
				IPHONEOS_DEPLOYMENT_TARGET = 17.4;
				LOCALIZATION_PREFERS_STRING_CATALOGS = YES;
				MTL_ENABLE_DEBUG_INFO = INCLUDE_SOURCE;
				MTL_FAST_MATH = YES;
				ONLY_ACTIVE_ARCH = YES;
				SDKROOT = iphoneos;
				SWIFT_ACTIVE_COMPILATION_CONDITIONS = "DEBUG $(inherited)";
				SWIFT_OPTIMIZATION_LEVEL = "-Onone";
			};
			name = Debug;
		};
		C78807312BFDC27000B028FD /* Release */ = {
			isa = XCBuildConfiguration;
			buildSettings = {
				ALWAYS_SEARCH_USER_PATHS = NO;
				ASSETCATALOG_COMPILER_GENERATE_SWIFT_ASSET_SYMBOL_EXTENSIONS = YES;
				CLANG_ANALYZER_NONNULL = YES;
				CLANG_ANALYZER_NUMBER_OBJECT_CONVERSION = YES_AGGRESSIVE;
				CLANG_CXX_LANGUAGE_STANDARD = "gnu++20";
				CLANG_ENABLE_MODULES = YES;
				CLANG_ENABLE_OBJC_ARC = YES;
				CLANG_ENABLE_OBJC_WEAK = YES;
				CLANG_WARN_BLOCK_CAPTURE_AUTORELEASING = YES;
				CLANG_WARN_BOOL_CONVERSION = YES;
				CLANG_WARN_COMMA = YES;
				CLANG_WARN_CONSTANT_CONVERSION = YES;
				CLANG_WARN_DEPRECATED_OBJC_IMPLEMENTATIONS = YES;
				CLANG_WARN_DIRECT_OBJC_ISA_USAGE = YES_ERROR;
				CLANG_WARN_DOCUMENTATION_COMMENTS = YES;
				CLANG_WARN_EMPTY_BODY = YES;
				CLANG_WARN_ENUM_CONVERSION = YES;
				CLANG_WARN_INFINITE_RECURSION = YES;
				CLANG_WARN_INT_CONVERSION = YES;
				CLANG_WARN_NON_LITERAL_NULL_CONVERSION = YES;
				CLANG_WARN_OBJC_IMPLICIT_RETAIN_SELF = YES;
				CLANG_WARN_OBJC_LITERAL_CONVERSION = YES;
				CLANG_WARN_OBJC_ROOT_CLASS = YES_ERROR;
				CLANG_WARN_QUOTED_INCLUDE_IN_FRAMEWORK_HEADER = YES;
				CLANG_WARN_RANGE_LOOP_ANALYSIS = YES;
				CLANG_WARN_STRICT_PROTOTYPES = YES;
				CLANG_WARN_SUSPICIOUS_MOVE = YES;
				CLANG_WARN_UNGUARDED_AVAILABILITY = YES_AGGRESSIVE;
				CLANG_WARN_UNREACHABLE_CODE = YES;
				CLANG_WARN__DUPLICATE_METHOD_MATCH = YES;
				COPY_PHASE_STRIP = NO;
				DEBUG_INFORMATION_FORMAT = "dwarf-with-dsym";
				ENABLE_NS_ASSERTIONS = NO;
				ENABLE_STRICT_OBJC_MSGSEND = YES;
				ENABLE_USER_SCRIPT_SANDBOXING = YES;
				GCC_C_LANGUAGE_STANDARD = gnu17;
				GCC_NO_COMMON_BLOCKS = YES;
				GCC_WARN_64_TO_32_BIT_CONVERSION = YES;
				GCC_WARN_ABOUT_RETURN_TYPE = YES_ERROR;
				GCC_WARN_UNDECLARED_SELECTOR = YES;
				GCC_WARN_UNINITIALIZED_AUTOS = YES_AGGRESSIVE;
				GCC_WARN_UNUSED_FUNCTION = YES;
				GCC_WARN_UNUSED_VARIABLE = YES;
				IPHONEOS_DEPLOYMENT_TARGET = 17.4;
				LOCALIZATION_PREFERS_STRING_CATALOGS = YES;
				MTL_ENABLE_DEBUG_INFO = NO;
				MTL_FAST_MATH = YES;
				SDKROOT = iphoneos;
				SWIFT_COMPILATION_MODE = wholemodule;
				VALIDATE_PRODUCT = YES;
			};
			name = Release;
		};
		C78807332BFDC27000B028FD /* Debug */ = {
			isa = XCBuildConfiguration;
			baseConfigurationReference = 60AF1ABC83AFFD5F752D3B92 /* Pods-Pokedex.debug.xcconfig */;
			buildSettings = {
				ASSETCATALOG_COMPILER_APPICON_NAME = AppIcon;
				ASSETCATALOG_COMPILER_GLOBAL_ACCENT_COLOR_NAME = AccentColor;
				CODE_SIGN_STYLE = Automatic;
				CURRENT_PROJECT_VERSION = 1;
				ENABLE_USER_SCRIPT_SANDBOXING = NO;
				GENERATE_INFOPLIST_FILE = YES;
				INFOPLIST_FILE = Pokedex/Info.plist;
				INFOPLIST_KEY_UIApplicationSupportsIndirectInputEvents = YES;
				INFOPLIST_KEY_UILaunchStoryboardName = LaunchScreen;
				INFOPLIST_KEY_UIMainStoryboardFile = Main;
				INFOPLIST_KEY_UISupportedInterfaceOrientations_iPad = "UIInterfaceOrientationPortrait UIInterfaceOrientationPortraitUpsideDown UIInterfaceOrientationLandscapeLeft UIInterfaceOrientationLandscapeRight";
				INFOPLIST_KEY_UISupportedInterfaceOrientations_iPhone = "UIInterfaceOrientationPortrait UIInterfaceOrientationLandscapeLeft UIInterfaceOrientationLandscapeRight";
				IPHONEOS_DEPLOYMENT_TARGET = 17.0;
				LD_RUNPATH_SEARCH_PATHS = (
					"$(inherited)",
					"@executable_path/Frameworks",
				);
				MARKETING_VERSION = 1.0;
				PRODUCT_BUNDLE_IDENTIFIER = com.vicki.Pokedex;
				PRODUCT_NAME = "$(TARGET_NAME)";
				SWIFT_EMIT_LOC_STRINGS = YES;
				SWIFT_VERSION = 5.0;
				TARGETED_DEVICE_FAMILY = "1,2";
			};
			name = Debug;
		};
		C78807342BFDC27000B028FD /* Release */ = {
			isa = XCBuildConfiguration;
			baseConfigurationReference = 43513E6FC7BE5407CFB1B278 /* Pods-Pokedex.release.xcconfig */;
			buildSettings = {
				ASSETCATALOG_COMPILER_APPICON_NAME = AppIcon;
				ASSETCATALOG_COMPILER_GLOBAL_ACCENT_COLOR_NAME = AccentColor;
				CODE_SIGN_STYLE = Automatic;
				CURRENT_PROJECT_VERSION = 1;
				ENABLE_USER_SCRIPT_SANDBOXING = NO;
				GENERATE_INFOPLIST_FILE = YES;
				INFOPLIST_FILE = Pokedex/Info.plist;
				INFOPLIST_KEY_UIApplicationSupportsIndirectInputEvents = YES;
				INFOPLIST_KEY_UILaunchStoryboardName = LaunchScreen;
				INFOPLIST_KEY_UIMainStoryboardFile = Main;
				INFOPLIST_KEY_UISupportedInterfaceOrientations_iPad = "UIInterfaceOrientationPortrait UIInterfaceOrientationPortraitUpsideDown UIInterfaceOrientationLandscapeLeft UIInterfaceOrientationLandscapeRight";
				INFOPLIST_KEY_UISupportedInterfaceOrientations_iPhone = "UIInterfaceOrientationPortrait UIInterfaceOrientationLandscapeLeft UIInterfaceOrientationLandscapeRight";
				IPHONEOS_DEPLOYMENT_TARGET = 17.0;
				LD_RUNPATH_SEARCH_PATHS = (
					"$(inherited)",
					"@executable_path/Frameworks",
				);
				MARKETING_VERSION = 1.0;
				PRODUCT_BUNDLE_IDENTIFIER = com.vicki.Pokedex;
				PRODUCT_NAME = "$(TARGET_NAME)";
				SWIFT_EMIT_LOC_STRINGS = YES;
				SWIFT_VERSION = 5.0;
				TARGETED_DEVICE_FAMILY = "1,2";
			};
			name = Release;
		};
/* End XCBuildConfiguration section */

/* Begin XCConfigurationList section */
		C78807192BFDC26E00B028FD /* Build configuration list for PBXProject "Pokedex" */ = {
			isa = XCConfigurationList;
			buildConfigurations = (
				C78807302BFDC27000B028FD /* Debug */,
				C78807312BFDC27000B028FD /* Release */,
			);
			defaultConfigurationIsVisible = 0;
			defaultConfigurationName = Release;
		};
		C78807322BFDC27000B028FD /* Build configuration list for PBXNativeTarget "Pokedex" */ = {
			isa = XCConfigurationList;
			buildConfigurations = (
				C78807332BFDC27000B028FD /* Debug */,
				C78807342BFDC27000B028FD /* Release */,
			);
			defaultConfigurationIsVisible = 0;
			defaultConfigurationName = Release;
		};
/* End XCConfigurationList section */
	};
	rootObject = C78807162BFDC26E00B028FD /* Project object */;
}
